// !$*UTF8*$!
{
	archiveVersion = 1;
	classes = {
	};
	objectVersion = 50;
	objects = {

/* Begin PBXBuildFile section */
		2212B17E21C087CC005C406C /* SentMemeTableViewController.swift in Sources */ = {isa = PBXBuildFile; fileRef = 2212B17D21C087CC005C406C /* SentMemeTableViewController.swift */; };
		2212B18021C0912C005C406C /* MemeDetailViewController.swift in Sources */ = {isa = PBXBuildFile; fileRef = 2212B17F21C0912C005C406C /* MemeDetailViewController.swift */; };
		2212B18221C1B1B7005C406C /* SentMemeCollectionController.swift in Sources */ = {isa = PBXBuildFile; fileRef = 2212B18121C1B1B7005C406C /* SentMemeCollectionController.swift */; };
		2212B18421C1C270005C406C /* CollectionViewCell.swift in Sources */ = {isa = PBXBuildFile; fileRef = 2212B18321C1C270005C406C /* CollectionViewCell.swift */; };
		223049FE21B33AEB00DA2695 /* AppDelegate.swift in Sources */ = {isa = PBXBuildFile; fileRef = 223049FD21B33AEB00DA2695 /* AppDelegate.swift */; };
		22304A0021B33AEB00DA2695 /* EditorViewController.swift in Sources */ = {isa = PBXBuildFile; fileRef = 223049FF21B33AEB00DA2695 /* EditorViewController.swift */; };
		22304A0321B33AEB00DA2695 /* Main.storyboard in Resources */ = {isa = PBXBuildFile; fileRef = 22304A0121B33AEB00DA2695 /* Main.storyboard */; };
		22304A0521B33AEE00DA2695 /* Assets.xcassets in Resources */ = {isa = PBXBuildFile; fileRef = 22304A0421B33AEE00DA2695 /* Assets.xcassets */; };
		22304A0821B33AEE00DA2695 /* LaunchScreen.storyboard in Resources */ = {isa = PBXBuildFile; fileRef = 22304A0621B33AEE00DA2695 /* LaunchScreen.storyboard */; };
		22304A1021B57BC300DA2695 /* Meme.swift in Sources */ = {isa = PBXBuildFile; fileRef = 22304A0F21B57BC300DA2695 /* Meme.swift */; };
/* End PBXBuildFile section */

/* Begin PBXFileReference section */
		2212B17D21C087CC005C406C /* SentMemeTableViewController.swift */ = {isa = PBXFileReference; lastKnownFileType = sourcecode.swift; path = SentMemeTableViewController.swift; sourceTree = "<group>"; };
		2212B17F21C0912C005C406C /* MemeDetailViewController.swift */ = {isa = PBXFileReference; lastKnownFileType = sourcecode.swift; path = MemeDetailViewController.swift; sourceTree = "<group>"; };
		2212B18121C1B1B7005C406C /* SentMemeCollectionController.swift */ = {isa = PBXFileReference; lastKnownFileType = sourcecode.swift; path = SentMemeCollectionController.swift; sourceTree = "<group>"; };
		2212B18321C1C270005C406C /* CollectionViewCell.swift */ = {isa = PBXFileReference; lastKnownFileType = sourcecode.swift; path = CollectionViewCell.swift; sourceTree = "<group>"; };
		223049FA21B33AEB00DA2695 /* MemeMe.app */ = {isa = PBXFileReference; explicitFileType = wrapper.application; includeInIndex = 0; path = MemeMe.app; sourceTree = BUILT_PRODUCTS_DIR; };
		223049FD21B33AEB00DA2695 /* AppDelegate.swift */ = {isa = PBXFileReference; lastKnownFileType = sourcecode.swift; path = AppDelegate.swift; sourceTree = "<group>"; };
		223049FF21B33AEB00DA2695 /* EditorViewController.swift */ = {isa = PBXFileReference; lastKnownFileType = sourcecode.swift; path = EditorViewController.swift; sourceTree = "<group>"; };
		22304A0221B33AEB00DA2695 /* Base */ = {isa = PBXFileReference; lastKnownFileType = file.storyboard; name = Base; path = Base.lproj/Main.storyboard; sourceTree = "<group>"; };
		22304A0421B33AEE00DA2695 /* Assets.xcassets */ = {isa = PBXFileReference; lastKnownFileType = folder.assetcatalog; path = Assets.xcassets; sourceTree = "<group>"; };
		22304A0721B33AEE00DA2695 /* Base */ = {isa = PBXFileReference; lastKnownFileType = file.storyboard; name = Base; path = Base.lproj/LaunchScreen.storyboard; sourceTree = "<group>"; };
		22304A0921B33AEE00DA2695 /* Info.plist */ = {isa = PBXFileReference; lastKnownFileType = text.plist.xml; path = Info.plist; sourceTree = "<group>"; };
		22304A0F21B57BC300DA2695 /* Meme.swift */ = {isa = PBXFileReference; lastKnownFileType = sourcecode.swift; path = Meme.swift; sourceTree = "<group>"; };
/* End PBXFileReference section */

/* Begin PBXFrameworksBuildPhase section */
		223049F721B33AEB00DA2695 /* Frameworks */ = {
			isa = PBXFrameworksBuildPhase;
			buildActionMask = 2147483647;
			files = (
			);
			runOnlyForDeploymentPostprocessing = 0;
		};
/* End PBXFrameworksBuildPhase section */

/* Begin PBXGroup section */
		223049F121B33AEB00DA2695 = {
			isa = PBXGroup;
			children = (
				223049FC21B33AEB00DA2695 /* MemeMe */,
				223049FB21B33AEB00DA2695 /* Products */,
			);
			sourceTree = "<group>";
		};
		223049FB21B33AEB00DA2695 /* Products */ = {
			isa = PBXGroup;
			children = (
				223049FA21B33AEB00DA2695 /* MemeMe.app */,
			);
			name = Products;
			sourceTree = "<group>";
		};
		223049FC21B33AEB00DA2695 /* MemeMe */ = {
			isa = PBXGroup;
			children = (
				223049FD21B33AEB00DA2695 /* AppDelegate.swift */,
				223049FF21B33AEB00DA2695 /* EditorViewController.swift */,
				2212B17D21C087CC005C406C /* SentMemeTableViewController.swift */,
				2212B17F21C0912C005C406C /* MemeDetailViewController.swift */,
				2212B18121C1B1B7005C406C /* SentMemeCollectionController.swift */,
				2212B18321C1C270005C406C /* CollectionViewCell.swift */,
				22304A0F21B57BC300DA2695 /* Meme.swift */,
				22304A0121B33AEB00DA2695 /* Main.storyboard */,
				22304A0421B33AEE00DA2695 /* Assets.xcassets */,
				22304A0621B33AEE00DA2695 /* LaunchScreen.storyboard */,
				22304A0921B33AEE00DA2695 /* Info.plist */,
			);
			path = MemeMe;
			sourceTree = "<group>";
		};
/* End PBXGroup section */

/* Begin PBXNativeTarget section */
		223049F921B33AEB00DA2695 /* MemeMe */ = {
			isa = PBXNativeTarget;
			buildConfigurationList = 22304A0C21B33AEE00DA2695 /* Build configuration list for PBXNativeTarget "MemeMe" */;
			buildPhases = (
				223049F621B33AEB00DA2695 /* Sources */,
				223049F721B33AEB00DA2695 /* Frameworks */,
				223049F821B33AEB00DA2695 /* Resources */,
			);
			buildRules = (
			);
			dependencies = (
			);
			name = MemeMe;
			productName = MemeMe;
			productReference = 223049FA21B33AEB00DA2695 /* MemeMe.app */;
			productType = "com.apple.product-type.application";
		};
/* End PBXNativeTarget section */

/* Begin PBXProject section */
		223049F221B33AEB00DA2695 /* Project object */ = {
			isa = PBXProject;
			attributes = {
				LastSwiftUpdateCheck = 1010;
				LastUpgradeCheck = 1010;
				ORGANIZATIONNAME = "Ndoo H";
				TargetAttributes = {
					223049F921B33AEB00DA2695 = {
						CreatedOnToolsVersion = 10.1;
					};
				};
			};
			buildConfigurationList = 223049F521B33AEB00DA2695 /* Build configuration list for PBXProject "MemeMe" */;
			compatibilityVersion = "Xcode 9.3";
			developmentRegion = en;
			hasScannedForEncodings = 0;
			knownRegions = (
				en,
				Base,
			);
			mainGroup = 223049F121B33AEB00DA2695;
			productRefGroup = 223049FB21B33AEB00DA2695 /* Products */;
			projectDirPath = "";
			projectRoot = "";
			targets = (
				223049F921B33AEB00DA2695 /* MemeMe */,
			);
		};
/* End PBXProject section */

/* Begin PBXResourcesBuildPhase section */
		223049F821B33AEB00DA2695 /* Resources */ = {
			isa = PBXResourcesBuildPhase;
			buildActionMask = 2147483647;
			files = (
				22304A0821B33AEE00DA2695 /* LaunchScreen.storyboard in Resources */,
				22304A0521B33AEE00DA2695 /* Assets.xcassets in Resources */,
				22304A0321B33AEB00DA2695 /* Main.storyboard in Resources */,
			);
			runOnlyForDeploymentPostprocessing = 0;
		};
/* End PBXResourcesBuildPhase section */

/* Begin PBXSourcesBuildPhase section */
		223049F621B33AEB00DA2695 /* Sources */ = {
			isa = PBXSourcesBuildPhase;
			buildActionMask = 2147483647;
			files = (
				22304A0021B33AEB00DA2695 /* EditorViewController.swift in Sources */,
				2212B18221C1B1B7005C406C /* SentMemeCollectionController.swift in Sources */,
				22304A1021B57BC300DA2695 /* Meme.swift in Sources */,
				2212B18421C1C270005C406C /* CollectionViewCell.swift in Sources */,
				223049FE21B33AEB00DA2695 /* AppDelegate.swift in Sources */,
				2212B17E21C087CC005C406C /* SentMemeTableViewController.swift in Sources */,
				2212B18021C0912C005C406C /* MemeDetailViewController.swift in Sources */,
			);
			runOnlyForDeploymentPostprocessing = 0;
		};
/* End PBXSourcesBuildPhase section */

/* Begin PBXVariantGroup section */
		22304A0121B33AEB00DA2695 /* Main.storyboard */ = {
			isa = PBXVariantGroup;
			children = (
				22304A0221B33AEB00DA2695 /* Base */,
			);
			name = Main.storyboard;
			sourceTree = "<group>";
		};
		22304A0621B33AEE00DA2695 /* LaunchScreen.storyboard */ = {
			isa = PBXVariantGroup;
			children = (
				22304A0721B33AEE00DA2695 /* Base */,
			);
			name = LaunchScreen.storyboard;
			sourceTree = "<group>";
		};
/* End PBXVariantGroup section */

/* Begin XCBuildConfiguration section */
		22304A0A21B33AEE00DA2695 /* Debug */ = {
			isa = XCBuildConfiguration;
			buildSettings = {
				ALWAYS_SEARCH_USER_PATHS = NO;
				CLANG_ANALYZER_NONNULL = YES;
				CLANG_ANALYZER_NUMBER_OBJECT_CONVERSION = YES_AGGRESSIVE;
				CLANG_CXX_LANGUAGE_STANDARD = "gnu++14";
				CLANG_CXX_LIBRARY = "libc++";
				CLANG_ENABLE_MODULES = YES;
				CLANG_ENABLE_OBJC_ARC = YES;
				CLANG_ENABLE_OBJC_WEAK = YES;
				CLANG_WARN_BLOCK_CAPTURE_AUTORELEASING = YES;
				CLANG_WARN_BOOL_CONVERSION = YES;
				CLANG_WARN_COMMA = YES;
				CLANG_WARN_CONSTANT_CONVERSION = YES;
				CLANG_WARN_DEPRECATED_OBJC_IMPLEMENTATIONS = YES;
				CLANG_WARN_DIRECT_OBJC_ISA_USAGE = YES_ERROR;
				CLANG_WARN_DOCUMENTATION_COMMENTS = YES;
				CLANG_WARN_EMPTY_BODY = YES;
				CLANG_WARN_ENUM_CONVERSION = YES;
				CLANG_WARN_INFINITE_RECURSION = YES;
				CLANG_WARN_INT_CONVERSION = YES;
				CLANG_WARN_NON_LITERAL_NULL_CONVERSION = YES;
				CLANG_WARN_OBJC_IMPLICIT_RETAIN_SELF = YES;
				CLANG_WARN_OBJC_LITERAL_CONVERSION = YES;
				CLANG_WARN_OBJC_ROOT_CLASS = YES_ERROR;
				CLANG_WARN_RANGE_LOOP_ANALYSIS = YES;
				CLANG_WARN_STRICT_PROTOTYPES = YES;
				CLANG_WARN_SUSPICIOUS_MOVE = YES;
				CLANG_WARN_UNGUARDED_AVAILABILITY = YES_AGGRESSIVE;
				CLANG_WARN_UNREACHABLE_CODE = YES;
				CLANG_WARN__DUPLICATE_METHOD_MATCH = YES;
				CODE_SIGN_IDENTITY = "iPhone Developer";
				COPY_PHASE_STRIP = NO;
				DEBUG_INFORMATION_FORMAT = dwarf;
				ENABLE_STRICT_OBJC_MSGSEND = YES;
				ENABLE_TESTABILITY = YES;
				GCC_C_LANGUAGE_STANDARD = gnu11;
				GCC_DYNAMIC_NO_PIC = NO;
				GCC_NO_COMMON_BLOCKS = YES;
				GCC_OPTIMIZATION_LEVEL = 0;
				GCC_PREPROCESSOR_DEFINITIONS = (
					"DEBUG=1",
					"$(inherited)",
				);
				GCC_WARN_64_TO_32_BIT_CONVERSION = YES;
				GCC_WARN_ABOUT_RETURN_TYPE = YES_ERROR;
				GCC_WARN_UNDECLARED_SELECTOR = YES;
				GCC_WARN_UNINITIALIZED_AUTOS = YES_AGGRESSIVE;
				GCC_WARN_UNUSED_FUNCTION = YES;
				GCC_WARN_UNUSED_VARIABLE = YES;
				IPHONEOS_DEPLOYMENT_TARGET = 12.1;
				MTL_ENABLE_DEBUG_INFO = INCLUDE_SOURCE;
				MTL_FAST_MATH = YES;
				ONLY_ACTIVE_ARCH = YES;
				SDKROOT = iphoneos;
				SWIFT_ACTIVE_COMPILATION_CONDITIONS = DEBUG;
				SWIFT_OPTIMIZATION_LEVEL = "-Onone";
			};
			name = Debug;
		};
		22304A0B21B33AEE00DA2695 /* Release */ = {
			isa = XCBuildConfiguration;
			buildSettings = {
				ALWAYS_SEARCH_USER_PATHS = NO;
				CLANG_ANALYZER_NONNULL = YES;
				CLANG_ANALYZER_NUMBER_OBJECT_CONVERSION = YES_AGGRESSIVE;
				CLANG_CXX_LANGUAGE_STANDARD = "gnu++14";
				CLANG_CXX_LIBRARY = "libc++";
				CLANG_ENABLE_MODULES = YES;
				CLANG_ENABLE_OBJC_ARC = YES;
				CLANG_ENABLE_OBJC_WEAK = YES;
				CLANG_WARN_BLOCK_CAPTURE_AUTORELEASING = YES;
				CLANG_WARN_BOOL_CONVERSION = YES;
				CLANG_WARN_COMMA = YES;
				CLANG_WARN_CONSTANT_CONVERSION = YES;
				CLANG_WARN_DEPRECATED_OBJC_IMPLEMENTATIONS = YES;
				CLANG_WARN_DIRECT_OBJC_ISA_USAGE = YES_ERROR;
				CLANG_WARN_DOCUMENTATION_COMMENTS = YES;
				CLANG_WARN_EMPTY_BODY = YES;
				CLANG_WARN_ENUM_CONVERSION = YES;
				CLANG_WARN_INFINITE_RECURSION = YES;
				CLANG_WARN_INT_CONVERSION = YES;
				CLANG_WARN_NON_LITERAL_NULL_CONVERSION = YES;
				CLANG_WARN_OBJC_IMPLICIT_RETAIN_SELF = YES;
				CLANG_WARN_OBJC_LITERAL_CONVERSION = YES;
				CLANG_WARN_OBJC_ROOT_CLASS = YES_ERROR;
				CLANG_WARN_RANGE_LOOP_ANALYSIS = YES;
				CLANG_WARN_STRICT_PROTOTYPES = YES;
				CLANG_WARN_SUSPICIOUS_MOVE = YES;
				CLANG_WARN_UNGUARDED_AVAILABILITY = YES_AGGRESSIVE;
				CLANG_WARN_UNREACHABLE_CODE = YES;
				CLANG_WARN__DUPLICATE_METHOD_MATCH = YES;
				CODE_SIGN_IDENTITY = "iPhone Developer";
				COPY_PHASE_STRIP = NO;
				DEBUG_INFORMATION_FORMAT = "dwarf-with-dsym";
				ENABLE_NS_ASSERTIONS = NO;
				ENABLE_STRICT_OBJC_MSGSEND = YES;
				GCC_C_LANGUAGE_STANDARD = gnu11;
				GCC_NO_COMMON_BLOCKS = YES;
				GCC_WARN_64_TO_32_BIT_CONVERSION = YES;
				GCC_WARN_ABOUT_RETURN_TYPE = YES_ERROR;
				GCC_WARN_UNDECLARED_SELECTOR = YES;
				GCC_WARN_UNINITIALIZED_AUTOS = YES_AGGRESSIVE;
				GCC_WARN_UNUSED_FUNCTION = YES;
				GCC_WARN_UNUSED_VARIABLE = YES;
				IPHONEOS_DEPLOYMENT_TARGET = 12.1;
				MTL_ENABLE_DEBUG_INFO = NO;
				MTL_FAST_MATH = YES;
				SDKROOT = iphoneos;
				SWIFT_COMPILATION_MODE = wholemodule;
				SWIFT_OPTIMIZATION_LEVEL = "-O";
				VALIDATE_PRODUCT = YES;
			};
			name = Release;
		};
		22304A0D21B33AEE00DA2695 /* Debug */ = {
			isa = XCBuildConfiguration;
			buildSettings = {
				ASSETCATALOG_COMPILER_APPICON_NAME = AppIcon;
				CODE_SIGN_STYLE = Automatic;
				DEVELOPMENT_TEAM = 694LAYWKJN;
				INFOPLIST_FILE = MemeMe/Info.plist;
				IPHONEOS_DEPLOYMENT_TARGET = 11.0;
				LD_RUNPATH_SEARCH_PATHS = (
					"$(inherited)",
					"@executable_path/Frameworks",
				);
				PRODUCT_BUNDLE_IDENTIFIER = com.nada.MemeMe;
				PRODUCT_NAME = "$(TARGET_NAME)";
				SWIFT_VERSION = 4.2;
				TARGETED_DEVICE_FAMILY = "1,2";
			};
			name = Debug;
		};
		22304A0E21B33AEE00DA2695 /* Release */ = {
			isa = XCBuildConfiguration;
			buildSettings = {
				ASSETCATALOG_COMPILER_APPICON_NAME = AppIcon;
				CODE_SIGN_STYLE = Automatic;
				DEVELOPMENT_TEAM = 694LAYWKJN;
				INFOPLIST_FILE = MemeMe/Info.plist;
				IPHONEOS_DEPLOYMENT_TARGET = 11.0;
				LD_RUNPATH_SEARCH_PATHS = (
					"$(inherited)",
					"@executable_path/Frameworks",
				);
				PRODUCT_BUNDLE_IDENTIFIER = com.nada.MemeMe;
				PRODUCT_NAME = "$(TARGET_NAME)";
				SWIFT_VERSION = 4.2;
				TARGETED_DEVICE_FAMILY = "1,2";
			};
			name = Release;
		};
/* End XCBuildConfiguration section */

/* Begin XCConfigurationList section */
		223049F521B33AEB00DA2695 /* Build configuration list for PBXProject "MemeMe" */ = {
			isa = XCConfigurationList;
			buildConfigurations = (
				22304A0A21B33AEE00DA2695 /* Debug */,
				22304A0B21B33AEE00DA2695 /* Release */,
			);
			defaultConfigurationIsVisible = 0;
			defaultConfigurationName = Release;
		};
		22304A0C21B33AEE00DA2695 /* Build configuration list for PBXNativeTarget "MemeMe" */ = {
			isa = XCConfigurationList;
			buildConfigurations = (
				22304A0D21B33AEE00DA2695 /* Debug */,
				22304A0E21B33AEE00DA2695 /* Release */,
			);
			defaultConfigurationIsVisible = 0;
			defaultConfigurationName = Release;
		};
/* End XCConfigurationList section */
	};
	rootObject = 223049F221B33AEB00DA2695 /* Project object */;
}
